
Microsoft Visual Studio Solution File, Format Version 12.00
# Visual Studio Version 17
VisualStudioVersion = 17.13.35919.96 d17.13
MinimumVisualStudioVersion = 10.0.40219.1
Project("{FAE04EC0-301F-11D3-BF4B-00C04F79EFBC}") = "ToolBox", "ToolBox.csproj", "{025406C1-EAC0-4E4A-B47F-FFDA886A24BC}"
EndProject
Global
	GlobalSection(SolutionConfigurationPlatforms) = preSolution
		Debug|Any CPU = Debug|Any CPU
		Release|Any CPU = Release|Any CPU
	EndGlobalSection
	GlobalSection(ProjectConfigurationPlatforms) = postSolution
		{025406C1-EAC0-4E4A-B47F-FFDA886A24BC}.Debug|Any CPU.ActiveCfg = Debug|Any CPU
		{025406C1-EAC0-4E4A-B47F-FFDA886A24BC}.Debug|Any CPU.Build.0 = Debug|Any CPU
		{025406C1-EAC0-4E4A-B47F-FFDA886A24BC}.Release|Any CPU.ActiveCfg = Release|Any CPU
		{025406C1-EAC0-4E4A-B47F-FFDA886A24BC}.Release|Any CPU.Build.0 = Release|Any CPU
	EndGlobalSection
	GlobalSection(SolutionProperties) = preSolution
		HideSolutionNode = FALSE
	EndGlobalSection
	GlobalSection(ExtensibilityGlobals) = postSolution
		SolutionGuid = {499AC7C5-F4DF-4932-B15F-FE1A1E02D72F}
	EndGlobalSection
EndGlobal
